
Microsoft Visual Studio Solution File, Format Version 12.00
# Visual Studio Version 17
VisualStudioVersion = 17.0.32112.339
MinimumVisualStudioVersion = 10.0.40219.1
Project("{FAE04EC0-301F-11D3-BF4B-00C04F79EFBC}") = "ResolveUrl", "ResolveUrl.csproj", "{BDA05558-6E09-4246-B92C-8623A99E7349}"
EndProject
Global
	GlobalSection(SolutionConfigurationPlatforms) = preSolution
		Debug|Any CPU = Debug|Any CPU
		Release|Any CPU = Release|Any CPU
	EndGlobalSection
	GlobalSection(ProjectConfigurationPlatforms) = postSolution
		{BDA05558-6E09-4246-B92C-8623A99E7349}.Debug|Any CPU.ActiveCfg = Debug|Any CPU
		{BDA05558-6E09-4246-B92C-8623A99E7349}.Debug|Any CPU.Build.0 = Debug|Any CPU
		{BDA05558-6E09-4246-B92C-8623A99E7349}.Release|Any CPU.ActiveCfg = Release|Any CPU
		{BDA05558-6E09-4246-B92C-8623A99E7349}.Release|Any CPU.Build.0 = Release|Any CPU
	EndGlobalSection
	GlobalSection(SolutionProperties) = preSolution
		HideSolutionNode = FALSE
	EndGlobalSection
	GlobalSection(ExtensibilityGlobals) = postSolution
		SolutionGuid = {D476B4F9-9CE5-4840-856E-0EDD16F2FA20}
	EndGlobalSection
EndGlobal
